// !$*UTF8*$!
{
	archiveVersion = 1;
	classes = {
	};
	objectVersion = 55;
	objects = {

/* Begin PBXBuildFile section */
		49AAF2B6280E8C960062EA1D /* AppDelegate.swift in Sources */ = {isa = PBXBuildFile; fileRef = 49AAF2B5280E8C960062EA1D /* AppDelegate.swift */; };
		49AAF2B8280E8C960062EA1D /* SceneDelegate.swift in Sources */ = {isa = PBXBuildFile; fileRef = 49AAF2B7280E8C960062EA1D /* SceneDelegate.swift */; };
		49AAF2BA280E8C960062EA1D /* ViewController.swift in Sources */ = {isa = PBXBuildFile; fileRef = 49AAF2B9280E8C960062EA1D /* ViewController.swift */; };
		49AAF2BD280E8C960062EA1D /* Main.storyboard in Resources */ = {isa = PBXBuildFile; fileRef = 49AAF2BB280E8C960062EA1D /* Main.storyboard */; };
		49AAF2C0280E8C960062EA1D /* apiCalling.xcdatamodeld in Sources */ = {isa = PBXBuildFile; fileRef = 49AAF2BE280E8C960062EA1D /* apiCalling.xcdatamodeld */; };
		49AAF2C2280E8C9A0062EA1D /* Assets.xcassets in Resources */ = {isa = PBXBuildFile; fileRef = 49AAF2C1280E8C9A0062EA1D /* Assets.xcassets */; };
		49AAF2C5280E8C9A0062EA1D /* LaunchScreen.storyboard in Resources */ = {isa = PBXBuildFile; fileRef = 49AAF2C3280E8C9A0062EA1D /* LaunchScreen.storyboard */; };
		49AAF2D0280E8C9A0062EA1D /* apiCallingTests.swift in Sources */ = {isa = PBXBuildFile; fileRef = 49AAF2CF280E8C9A0062EA1D /* apiCallingTests.swift */; };
		49AAF2DA280E8C9A0062EA1D /* apiCallingUITests.swift in Sources */ = {isa = PBXBuildFile; fileRef = 49AAF2D9280E8C9A0062EA1D /* apiCallingUITests.swift */; };
		49AAF2DC280E8C9A0062EA1D /* apiCallingUITestsLaunchTests.swift in Sources */ = {isa = PBXBuildFile; fileRef = 49AAF2DB280E8C9A0062EA1D /* apiCallingUITestsLaunchTests.swift */; };
		49AAF2E9280EB7A00062EA1D /* API.swift in Sources */ = {isa = PBXBuildFile; fileRef = 49AAF2E8280EB7A00062EA1D /* API.swift */; };
		49F54A31280FDE6C0055E129 /* CoreAnimationViewController.swift in Sources */ = {isa = PBXBuildFile; fileRef = 49F54A30280FDE6C0055E129 /* CoreAnimationViewController.swift */; };
/* End PBXBuildFile section */

/* Begin PBXContainerItemProxy section */
		49AAF2CC280E8C9A0062EA1D /* PBXContainerItemProxy */ = {
			isa = PBXContainerItemProxy;
			containerPortal = 49AAF2AA280E8C960062EA1D /* Project object */;
			proxyType = 1;
			remoteGlobalIDString = 49AAF2B1280E8C960062EA1D;
			remoteInfo = apiCalling;
		};
		49AAF2D6280E8C9A0062EA1D /* PBXContainerItemProxy */ = {
			isa = PBXContainerItemProxy;
			containerPortal = 49AAF2AA280E8C960062EA1D /* Project object */;
			proxyType = 1;
			remoteGlobalIDString = 49AAF2B1280E8C960062EA1D;
			remoteInfo = apiCalling;
		};
/* End PBXContainerItemProxy section */

/* Begin PBXFileReference section */
		49AAF2B2280E8C960062EA1D /* apiCalling.app */ = {isa = PBXFileReference; explicitFileType = wrapper.application; includeInIndex = 0; path = apiCalling.app; sourceTree = BUILT_PRODUCTS_DIR; };
		49AAF2B5280E8C960062EA1D /* AppDelegate.swift */ = {isa = PBXFileReference; lastKnownFileType = sourcecode.swift; path = AppDelegate.swift; sourceTree = "<group>"; };
		49AAF2B7280E8C960062EA1D /* SceneDelegate.swift */ = {isa = PBXFileReference; lastKnownFileType = sourcecode.swift; path = SceneDelegate.swift; sourceTree = "<group>"; };
		49AAF2B9280E8C960062EA1D /* ViewController.swift */ = {isa = PBXFileReference; lastKnownFileType = sourcecode.swift; path = ViewController.swift; sourceTree = "<group>"; };
		49AAF2BC280E8C960062EA1D /* Base */ = {isa = PBXFileReference; lastKnownFileType = file.storyboard; name = Base; path = Base.lproj/Main.storyboard; sourceTree = "<group>"; };
		49AAF2BF280E8C960062EA1D /* apiCalling.xcdatamodel */ = {isa = PBXFileReference; lastKnownFileType = wrapper.xcdatamodel; path = apiCalling.xcdatamodel; sourceTree = "<group>"; };
		49AAF2C1280E8C9A0062EA1D /* Assets.xcassets */ = {isa = PBXFileReference; lastKnownFileType = folder.assetcatalog; path = Assets.xcassets; sourceTree = "<group>"; };
		49AAF2C4280E8C9A0062EA1D /* Base */ = {isa = PBXFileReference; lastKnownFileType = file.storyboard; name = Base; path = Base.lproj/LaunchScreen.storyboard; sourceTree = "<group>"; };
		49AAF2C6280E8C9A0062EA1D /* Info.plist */ = {isa = PBXFileReference; lastKnownFileType = text.plist.xml; path = Info.plist; sourceTree = "<group>"; };
		49AAF2CB280E8C9A0062EA1D /* apiCallingTests.xctest */ = {isa = PBXFileReference; explicitFileType = wrapper.cfbundle; includeInIndex = 0; path = apiCallingTests.xctest; sourceTree = BUILT_PRODUCTS_DIR; };
		49AAF2CF280E8C9A0062EA1D /* apiCallingTests.swift */ = {isa = PBXFileReference; lastKnownFileType = sourcecode.swift; path = apiCallingTests.swift; sourceTree = "<group>"; };
		49AAF2D5280E8C9A0062EA1D /* apiCallingUITests.xctest */ = {isa = PBXFileReference; explicitFileType = wrapper.cfbundle; includeInIndex = 0; path = apiCallingUITests.xctest; sourceTree = BUILT_PRODUCTS_DIR; };
		49AAF2D9280E8C9A0062EA1D /* apiCallingUITests.swift */ = {isa = PBXFileReference; lastKnownFileType = sourcecode.swift; path = apiCallingUITests.swift; sourceTree = "<group>"; };
		49AAF2DB280E8C9A0062EA1D /* apiCallingUITestsLaunchTests.swift */ = {isa = PBXFileReference; lastKnownFileType = sourcecode.swift; path = apiCallingUITestsLaunchTests.swift; sourceTree = "<group>"; };
		49AAF2E8280EB7A00062EA1D /* API.swift */ = {isa = PBXFileReference; lastKnownFileType = sourcecode.swift; path = API.swift; sourceTree = "<group>"; };
		49F54A30280FDE6C0055E129 /* CoreAnimationViewController.swift */ = {isa = PBXFileReference; fileEncoding = 4; lastKnownFileType = sourcecode.swift; path = CoreAnimationViewController.swift; sourceTree = "<group>"; };
/* End PBXFileReference section */

/* Begin PBXFrameworksBuildPhase section */
		49AAF2AF280E8C960062EA1D /* Frameworks */ = {
			isa = PBXFrameworksBuildPhase;
			buildActionMask = 2147483647;
			files = (
			);
			runOnlyForDeploymentPostprocessing = 0;
		};
		49AAF2C8280E8C9A0062EA1D /* Frameworks */ = {
			isa = PBXFrameworksBuildPhase;
			buildActionMask = 2147483647;
			files = (
			);
			runOnlyForDeploymentPostprocessing = 0;
		};
		49AAF2D2280E8C9A0062EA1D /* Frameworks */ = {
			isa = PBXFrameworksBuildPhase;
			buildActionMask = 2147483647;
			files = (
			);
			runOnlyForDeploymentPostprocessing = 0;
		};
/* End PBXFrameworksBuildPhase section */

/* Begin PBXGroup section */
		49AAF2A9280E8C960062EA1D = {
			isa = PBXGroup;
			children = (
				49AAF2B4280E8C960062EA1D /* apiCalling */,
				49AAF2CE280E8C9A0062EA1D /* apiCallingTests */,
				49AAF2D8280E8C9A0062EA1D /* apiCallingUITests */,
				49AAF2B3280E8C960062EA1D /* Products */,
			);
			sourceTree = "<group>";
		};
		49AAF2B3280E8C960062EA1D /* Products */ = {
			isa = PBXGroup;
			children = (
				49AAF2B2280E8C960062EA1D /* apiCalling.app */,
				49AAF2CB280E8C9A0062EA1D /* apiCallingTests.xctest */,
				49AAF2D5280E8C9A0062EA1D /* apiCallingUITests.xctest */,
			);
			name = Products;
			sourceTree = "<group>";
		};
		49AAF2B4280E8C960062EA1D /* apiCalling */ = {
			isa = PBXGroup;
			children = (
				49AAF2B5280E8C960062EA1D /* AppDelegate.swift */,
				49AAF2B7280E8C960062EA1D /* SceneDelegate.swift */,
				49AAF2B9280E8C960062EA1D /* ViewController.swift */,
				49AAF2E8280EB7A00062EA1D /* API.swift */,
				49AAF2BB280E8C960062EA1D /* Main.storyboard */,
				49AAF2C1280E8C9A0062EA1D /* Assets.xcassets */,
				49AAF2C3280E8C9A0062EA1D /* LaunchScreen.storyboard */,
				49F54A30280FDE6C0055E129 /* CoreAnimationViewController.swift */,
				49AAF2C6280E8C9A0062EA1D /* Info.plist */,
				49AAF2BE280E8C960062EA1D /* apiCalling.xcdatamodeld */,
			);
			path = apiCalling;
			sourceTree = "<group>";
		};
		49AAF2CE280E8C9A0062EA1D /* apiCallingTests */ = {
			isa = PBXGroup;
			children = (
				49AAF2CF280E8C9A0062EA1D /* apiCallingTests.swift */,
			);
			path = apiCallingTests;
			sourceTree = "<group>";
		};
		49AAF2D8280E8C9A0062EA1D /* apiCallingUITests */ = {
			isa = PBXGroup;
			children = (
				49AAF2D9280E8C9A0062EA1D /* apiCallingUITests.swift */,
				49AAF2DB280E8C9A0062EA1D /* apiCallingUITestsLaunchTests.swift */,
			);
			path = apiCallingUITests;
			sourceTree = "<group>";
		};
/* End PBXGroup section */

/* Begin PBXNativeTarget section */
		49AAF2B1280E8C960062EA1D /* apiCalling */ = {
			isa = PBXNativeTarget;
			buildConfigurationList = 49AAF2DF280E8C9A0062EA1D /* Build configuration list for PBXNativeTarget "apiCalling" */;
			buildPhases = (
				49AAF2AE280E8C960062EA1D /* Sources */,
				49AAF2AF280E8C960062EA1D /* Frameworks */,
				49AAF2B0280E8C960062EA1D /* Resources */,
			);
			buildRules = (
			);
			dependencies = (
			);
			name = apiCalling;
			productName = apiCalling;
			productReference = 49AAF2B2280E8C960062EA1D /* apiCalling.app */;
			productType = "com.apple.product-type.application";
		};
		49AAF2CA280E8C9A0062EA1D /* apiCallingTests */ = {
			isa = PBXNativeTarget;
			buildConfigurationList = 49AAF2E2280E8C9A0062EA1D /* Build configuration list for PBXNativeTarget "apiCallingTests" */;
			buildPhases = (
				49AAF2C7280E8C9A0062EA1D /* Sources */,
				49AAF2C8280E8C9A0062EA1D /* Frameworks */,
				49AAF2C9280E8C9A0062EA1D /* Resources */,
			);
			buildRules = (
			);
			dependencies = (
				49AAF2CD280E8C9A0062EA1D /* PBXTargetDependency */,
			);
			name = apiCallingTests;
			productName = apiCallingTests;
			productReference = 49AAF2CB280E8C9A0062EA1D /* apiCallingTests.xctest */;
			productType = "com.apple.product-type.bundle.unit-test";
		};
		49AAF2D4280E8C9A0062EA1D /* apiCallingUITests */ = {
			isa = PBXNativeTarget;
			buildConfigurationList = 49AAF2E5280E8C9A0062EA1D /* Build configuration list for PBXNativeTarget "apiCallingUITests" */;
			buildPhases = (
				49AAF2D1280E8C9A0062EA1D /* Sources */,
				49AAF2D2280E8C9A0062EA1D /* Frameworks */,
				49AAF2D3280E8C9A0062EA1D /* Resources */,
			);
			buildRules = (
			);
			dependencies = (
				49AAF2D7280E8C9A0062EA1D /* PBXTargetDependency */,
			);
			name = apiCallingUITests;
			productName = apiCallingUITests;
			productReference = 49AAF2D5280E8C9A0062EA1D /* apiCallingUITests.xctest */;
			productType = "com.apple.product-type.bundle.ui-testing";
		};
/* End PBXNativeTarget section */

/* Begin PBXProject section */
		49AAF2AA280E8C960062EA1D /* Project object */ = {
			isa = PBXProject;
			attributes = {
				BuildIndependentTargetsInParallel = 1;
				LastSwiftUpdateCheck = 1300;
				LastUpgradeCheck = 1300;
				TargetAttributes = {
					49AAF2B1280E8C960062EA1D = {
						CreatedOnToolsVersion = 13.0;
					};
					49AAF2CA280E8C9A0062EA1D = {
						CreatedOnToolsVersion = 13.0;
						TestTargetID = 49AAF2B1280E8C960062EA1D;
					};
					49AAF2D4280E8C9A0062EA1D = {
						CreatedOnToolsVersion = 13.0;
						TestTargetID = 49AAF2B1280E8C960062EA1D;
					};
				};
			};
			buildConfigurationList = 49AAF2AD280E8C960062EA1D /* Build configuration list for PBXProject "apiCalling" */;
			compatibilityVersion = "Xcode 13.0";
			developmentRegion = en;
			hasScannedForEncodings = 0;
			knownRegions = (
				en,
				Base,
			);
			mainGroup = 49AAF2A9280E8C960062EA1D;
			productRefGroup = 49AAF2B3280E8C960062EA1D /* Products */;
			projectDirPath = "";
			projectRoot = "";
			targets = (
				49AAF2B1280E8C960062EA1D /* apiCalling */,
				49AAF2CA280E8C9A0062EA1D /* apiCallingTests */,
				49AAF2D4280E8C9A0062EA1D /* apiCallingUITests */,
			);
		};
/* End PBXProject section */

/* Begin PBXResourcesBuildPhase section */
		49AAF2B0280E8C960062EA1D /* Resources */ = {
			isa = PBXResourcesBuildPhase;
			buildActionMask = 2147483647;
			files = (
				49AAF2C5280E8C9A0062EA1D /* LaunchScreen.storyboard in Resources */,
				49AAF2C2280E8C9A0062EA1D /* Assets.xcassets in Resources */,
				49AAF2BD280E8C960062EA1D /* Main.storyboard in Resources */,
			);
			runOnlyForDeploymentPostprocessing = 0;
		};
		49AAF2C9280E8C9A0062EA1D /* Resources */ = {
			isa = PBXResourcesBuildPhase;
			buildActionMask = 2147483647;
			files = (
			);
			runOnlyForDeploymentPostprocessing = 0;
		};
		49AAF2D3280E8C9A0062EA1D /* Resources */ = {
			isa = PBXResourcesBuildPhase;
			buildActionMask = 2147483647;
			files = (
			);
			runOnlyForDeploymentPostprocessing = 0;
		};
/* End PBXResourcesBuildPhase section */

/* Begin PBXSourcesBuildPhase section */
		49AAF2AE280E8C960062EA1D /* Sources */ = {
			isa = PBXSourcesBuildPhase;
			buildActionMask = 2147483647;
			files = (
				49F54A31280FDE6C0055E129 /* CoreAnimationViewController.swift in Sources */,
				49AAF2BA280E8C960062EA1D /* ViewController.swift in Sources */,
				49AAF2B6280E8C960062EA1D /* AppDelegate.swift in Sources */,
				49AAF2B8280E8C960062EA1D /* SceneDelegate.swift in Sources */,
				49AAF2C0280E8C960062EA1D /* apiCalling.xcdatamodeld in Sources */,
				49AAF2E9280EB7A00062EA1D /* API.swift in Sources */,
			);
			runOnlyForDeploymentPostprocessing = 0;
		};
		49AAF2C7280E8C9A0062EA1D /* Sources */ = {
			isa = PBXSourcesBuildPhase;
			buildActionMask = 2147483647;
			files = (
				49AAF2D0280E8C9A0062EA1D /* apiCallingTests.swift in Sources */,
			);
			runOnlyForDeploymentPostprocessing = 0;
		};
		49AAF2D1280E8C9A0062EA1D /* Sources */ = {
			isa = PBXSourcesBuildPhase;
			buildActionMask = 2147483647;
			files = (
				49AAF2DC280E8C9A0062EA1D /* apiCallingUITestsLaunchTests.swift in Sources */,
				49AAF2DA280E8C9A0062EA1D /* apiCallingUITests.swift in Sources */,
			);
			runOnlyForDeploymentPostprocessing = 0;
		};
/* End PBXSourcesBuildPhase section */

/* Begin PBXTargetDependency section */
		49AAF2CD280E8C9A0062EA1D /* PBXTargetDependency */ = {
			isa = PBXTargetDependency;
			target = 49AAF2B1280E8C960062EA1D /* apiCalling */;
			targetProxy = 49AAF2CC280E8C9A0062EA1D /* PBXContainerItemProxy */;
		};
		49AAF2D7280E8C9A0062EA1D /* PBXTargetDependency */ = {
			isa = PBXTargetDependency;
			target = 49AAF2B1280E8C960062EA1D /* apiCalling */;
			targetProxy = 49AAF2D6280E8C9A0062EA1D /* PBXContainerItemProxy */;
		};
/* End PBXTargetDependency section */

/* Begin PBXVariantGroup section */
		49AAF2BB280E8C960062EA1D /* Main.storyboard */ = {
			isa = PBXVariantGroup;
			children = (
				49AAF2BC280E8C960062EA1D /* Base */,
			);
			name = Main.storyboard;
			sourceTree = "<group>";
		};
		49AAF2C3280E8C9A0062EA1D /* LaunchScreen.storyboard */ = {
			isa = PBXVariantGroup;
			children = (
				49AAF2C4280E8C9A0062EA1D /* Base */,
			);
			name = LaunchScreen.storyboard;
			sourceTree = "<group>";
		};
/* End PBXVariantGroup section */

/* Begin XCBuildConfiguration section */
		49AAF2DD280E8C9A0062EA1D /* Debug */ = {
			isa = XCBuildConfiguration;
			buildSettings = {
				ALWAYS_SEARCH_USER_PATHS = NO;
				CLANG_ANALYZER_NONNULL = YES;
				CLANG_ANALYZER_NUMBER_OBJECT_CONVERSION = YES_AGGRESSIVE;
				CLANG_CXX_LANGUAGE_STANDARD = "gnu++17";
				CLANG_CXX_LIBRARY = "libc++";
				CLANG_ENABLE_MODULES = YES;
				CLANG_ENABLE_OBJC_ARC = YES;
				CLANG_ENABLE_OBJC_WEAK = YES;
				CLANG_WARN_BLOCK_CAPTURE_AUTORELEASING = YES;
				CLANG_WARN_BOOL_CONVERSION = YES;
				CLANG_WARN_COMMA = YES;
				CLANG_WARN_CONSTANT_CONVERSION = YES;
				CLANG_WARN_DEPRECATED_OBJC_IMPLEMENTATIONS = YES;
				CLANG_WARN_DIRECT_OBJC_ISA_USAGE = YES_ERROR;
				CLANG_WARN_DOCUMENTATION_COMMENTS = YES;
				CLANG_WARN_EMPTY_BODY = YES;
				CLANG_WARN_ENUM_CONVERSION = YES;
				CLANG_WARN_INFINITE_RECURSION = YES;
				CLANG_WARN_INT_CONVERSION = YES;
				CLANG_WARN_NON_LITERAL_NULL_CONVERSION = YES;
				CLANG_WARN_OBJC_IMPLICIT_RETAIN_SELF = YES;
				CLANG_WARN_OBJC_LITERAL_CONVERSION = YES;
				CLANG_WARN_OBJC_ROOT_CLASS = YES_ERROR;
				CLANG_WARN_QUOTED_INCLUDE_IN_FRAMEWORK_HEADER = YES;
				CLANG_WARN_RANGE_LOOP_ANALYSIS = YES;
				CLANG_WARN_STRICT_PROTOTYPES = YES;
				CLANG_WARN_SUSPICIOUS_MOVE = YES;
				CLANG_WARN_UNGUARDED_AVAILABILITY = YES_AGGRESSIVE;
				CLANG_WARN_UNREACHABLE_CODE = YES;
				CLANG_WARN__DUPLICATE_METHOD_MATCH = YES;
				COPY_PHASE_STRIP = NO;
				DEBUG_INFORMATION_FORMAT = dwarf;
				ENABLE_STRICT_OBJC_MSGSEND = YES;
				ENABLE_TESTABILITY = YES;
				GCC_C_LANGUAGE_STANDARD = gnu11;
				GCC_DYNAMIC_NO_PIC = NO;
				GCC_NO_COMMON_BLOCKS = YES;
				GCC_OPTIMIZATION_LEVEL = 0;
				GCC_PREPROCESSOR_DEFINITIONS = (
					"DEBUG=1",
					"$(inherited)",
				);
				GCC_WARN_64_TO_32_BIT_CONVERSION = YES;
				GCC_WARN_ABOUT_RETURN_TYPE = YES_ERROR;
				GCC_WARN_UNDECLARED_SELECTOR = YES;
				GCC_WARN_UNINITIALIZED_AUTOS = YES_AGGRESSIVE;
				GCC_WARN_UNUSED_FUNCTION = YES;
				GCC_WARN_UNUSED_VARIABLE = YES;
				IPHONEOS_DEPLOYMENT_TARGET = 15.0;
				MTL_ENABLE_DEBUG_INFO = INCLUDE_SOURCE;
				MTL_FAST_MATH = YES;
				ONLY_ACTIVE_ARCH = YES;
				SDKROOT = iphoneos;
				SWIFT_ACTIVE_COMPILATION_CONDITIONS = DEBUG;
				SWIFT_OPTIMIZATION_LEVEL = "-Onone";
			};
			name = Debug;
		};
		49AAF2DE280E8C9A0062EA1D /* Release */ = {
			isa = XCBuildConfiguration;
			buildSettings = {
				ALWAYS_SEARCH_USER_PATHS = NO;
				CLANG_ANALYZER_NONNULL = YES;
				CLANG_ANALYZER_NUMBER_OBJECT_CONVERSION = YES_AGGRESSIVE;
				CLANG_CXX_LANGUAGE_STANDARD = "gnu++17";
				CLANG_CXX_LIBRARY = "libc++";
				CLANG_ENABLE_MODULES = YES;
				CLANG_ENABLE_OBJC_ARC = YES;
				CLANG_ENABLE_OBJC_WEAK = YES;
				CLANG_WARN_BLOCK_CAPTURE_AUTORELEASING = YES;
				CLANG_WARN_BOOL_CONVERSION = YES;
				CLANG_WARN_COMMA = YES;
				CLANG_WARN_CONSTANT_CONVERSION = YES;
				CLANG_WARN_DEPRECATED_OBJC_IMPLEMENTATIONS = YES;
				CLANG_WARN_DIRECT_OBJC_ISA_USAGE = YES_ERROR;
				CLANG_WARN_DOCUMENTATION_COMMENTS = YES;
				CLANG_WARN_EMPTY_BODY = YES;
				CLANG_WARN_ENUM_CONVERSION = YES;
				CLANG_WARN_INFINITE_RECURSION = YES;
				CLANG_WARN_INT_CONVERSION = YES;
				CLANG_WARN_NON_LITERAL_NULL_CONVERSION = YES;
				CLANG_WARN_OBJC_IMPLICIT_RETAIN_SELF = YES;
				CLANG_WARN_OBJC_LITERAL_CONVERSION = YES;
				CLANG_WARN_OBJC_ROOT_CLASS = YES_ERROR;
				CLANG_WARN_QUOTED_INCLUDE_IN_FRAMEWORK_HEADER = YES;
				CLANG_WARN_RANGE_LOOP_ANALYSIS = YES;
				CLANG_WARN_STRICT_PROTOTYPES = YES;
				CLANG_WARN_SUSPICIOUS_MOVE = YES;
				CLANG_WARN_UNGUARDED_AVAILABILITY = YES_AGGRESSIVE;
				CLANG_WARN_UNREACHABLE_CODE = YES;
				CLANG_WARN__DUPLICATE_METHOD_MATCH = YES;
				COPY_PHASE_STRIP = NO;
				DEBUG_INFORMATION_FORMAT = "dwarf-with-dsym";
				ENABLE_NS_ASSERTIONS = NO;
				ENABLE_STRICT_OBJC_MSGSEND = YES;
				GCC_C_LANGUAGE_STANDARD = gnu11;
				GCC_NO_COMMON_BLOCKS = YES;
				GCC_WARN_64_TO_32_BIT_CONVERSION = YES;
				GCC_WARN_ABOUT_RETURN_TYPE = YES_ERROR;
				GCC_WARN_UNDECLARED_SELECTOR = YES;
				GCC_WARN_UNINITIALIZED_AUTOS = YES_AGGRESSIVE;
				GCC_WARN_UNUSED_FUNCTION = YES;
				GCC_WARN_UNUSED_VARIABLE = YES;
				IPHONEOS_DEPLOYMENT_TARGET = 15.0;
				MTL_ENABLE_DEBUG_INFO = NO;
				MTL_FAST_MATH = YES;
				SDKROOT = iphoneos;
				SWIFT_COMPILATION_MODE = wholemodule;
				SWIFT_OPTIMIZATION_LEVEL = "-O";
				VALIDATE_PRODUCT = YES;
			};
			name = Release;
		};
		49AAF2E0280E8C9A0062EA1D /* Debug */ = {
			isa = XCBuildConfiguration;
			buildSettings = {
				ASSETCATALOG_COMPILER_APPICON_NAME = AppIcon;
				ASSETCATALOG_COMPILER_GLOBAL_ACCENT_COLOR_NAME = AccentColor;
				CODE_SIGN_STYLE = Automatic;
				CURRENT_PROJECT_VERSION = 1;
				GENERATE_INFOPLIST_FILE = YES;
				INFOPLIST_FILE = apiCalling/Info.plist;
				INFOPLIST_KEY_UIApplicationSupportsIndirectInputEvents = YES;
				INFOPLIST_KEY_UILaunchStoryboardName = LaunchScreen;
				INFOPLIST_KEY_UIMainStoryboardFile = Main;
				INFOPLIST_KEY_UISupportedInterfaceOrientations_iPad = "UIInterfaceOrientationPortrait UIInterfaceOrientationPortraitUpsideDown UIInterfaceOrientationLandscapeLeft UIInterfaceOrientationLandscapeRight";
				INFOPLIST_KEY_UISupportedInterfaceOrientations_iPhone = "UIInterfaceOrientationPortrait UIInterfaceOrientationLandscapeLeft UIInterfaceOrientationLandscapeRight";
				LD_RUNPATH_SEARCH_PATHS = (
					"$(inherited)",
					"@executable_path/Frameworks",
				);
				MARKETING_VERSION = 1.0;
				PRODUCT_BUNDLE_IDENTIFIER = com.chicmictest.apiCalling;
				PRODUCT_NAME = "$(TARGET_NAME)";
				SWIFT_EMIT_LOC_STRINGS = YES;
				SWIFT_VERSION = 5.0;
				TARGETED_DEVICE_FAMILY = "1,2";
			};
			name = Debug;
		};
		49AAF2E1280E8C9A0062EA1D /* Release */ = {
			isa = XCBuildConfiguration;
			buildSettings = {
				ASSETCATALOG_COMPILER_APPICON_NAME = AppIcon;
				ASSETCATALOG_COMPILER_GLOBAL_ACCENT_COLOR_NAME = AccentColor;
				CODE_SIGN_STYLE = Automatic;
				CURRENT_PROJECT_VERSION = 1;
				GENERATE_INFOPLIST_FILE = YES;
				INFOPLIST_FILE = apiCalling/Info.plist;
				INFOPLIST_KEY_UIApplicationSupportsIndirectInputEvents = YES;
				INFOPLIST_KEY_UILaunchStoryboardName = LaunchScreen;
				INFOPLIST_KEY_UIMainStoryboardFile = Main;
				INFOPLIST_KEY_UISupportedInterfaceOrientations_iPad = "UIInterfaceOrientationPortrait UIInterfaceOrientationPortraitUpsideDown UIInterfaceOrientationLandscapeLeft UIInterfaceOrientationLandscapeRight";
				INFOPLIST_KEY_UISupportedInterfaceOrientations_iPhone = "UIInterfaceOrientationPortrait UIInterfaceOrientationLandscapeLeft UIInterfaceOrientationLandscapeRight";
				LD_RUNPATH_SEARCH_PATHS = (
					"$(inherited)",
					"@executable_path/Frameworks",
				);
				MARKETING_VERSION = 1.0;
				PRODUCT_BUNDLE_IDENTIFIER = com.chicmictest.apiCalling;
				PRODUCT_NAME = "$(TARGET_NAME)";
				SWIFT_EMIT_LOC_STRINGS = YES;
				SWIFT_VERSION = 5.0;
				TARGETED_DEVICE_FAMILY = "1,2";
			};
			name = Release;
		};
		49AAF2E3280E8C9A0062EA1D /* Debug */ = {
			isa = XCBuildConfiguration;
			buildSettings = {
				ALWAYS_EMBED_SWIFT_STANDARD_LIBRARIES = YES;
				BUNDLE_LOADER = "$(TEST_HOST)";
				CODE_SIGN_STYLE = Automatic;
				CURRENT_PROJECT_VERSION = 1;
				GENERATE_INFOPLIST_FILE = YES;
				IPHONEOS_DEPLOYMENT_TARGET = 15.0;
				LD_RUNPATH_SEARCH_PATHS = (
					"$(inherited)",
					"@executable_path/Frameworks",
					"@loader_path/Frameworks",
				);
				MARKETING_VERSION = 1.0;
				PRODUCT_BUNDLE_IDENTIFIER = com.chicmictest.apiCallingTests;
				PRODUCT_NAME = "$(TARGET_NAME)";
				SWIFT_EMIT_LOC_STRINGS = NO;
				SWIFT_VERSION = 5.0;
				TARGETED_DEVICE_FAMILY = "1,2";
				TEST_HOST = "$(BUILT_PRODUCTS_DIR)/apiCalling.app/apiCalling";
			};
			name = Debug;
		};
		49AAF2E4280E8C9A0062EA1D /* Release */ = {
			isa = XCBuildConfiguration;
			buildSettings = {
				ALWAYS_EMBED_SWIFT_STANDARD_LIBRARIES = YES;
				BUNDLE_LOADER = "$(TEST_HOST)";
				CODE_SIGN_STYLE = Automatic;
				CURRENT_PROJECT_VERSION = 1;
				GENERATE_INFOPLIST_FILE = YES;
				IPHONEOS_DEPLOYMENT_TARGET = 15.0;
				LD_RUNPATH_SEARCH_PATHS = (
					"$(inherited)",
					"@executable_path/Frameworks",
					"@loader_path/Frameworks",
				);
				MARKETING_VERSION = 1.0;
				PRODUCT_BUNDLE_IDENTIFIER = com.chicmictest.apiCallingTests;
				PRODUCT_NAME = "$(TARGET_NAME)";
				SWIFT_EMIT_LOC_STRINGS = NO;
				SWIFT_VERSION = 5.0;
				TARGETED_DEVICE_FAMILY = "1,2";
				TEST_HOST = "$(BUILT_PRODUCTS_DIR)/apiCalling.app/apiCalling";
			};
			name = Release;
		};
		49AAF2E6280E8C9A0062EA1D /* Debug */ = {
			isa = XCBuildConfiguration;
			buildSettings = {
				ALWAYS_EMBED_SWIFT_STANDARD_LIBRARIES = YES;
				CODE_SIGN_STYLE = Automatic;
				CURRENT_PROJECT_VERSION = 1;
				GENERATE_INFOPLIST_FILE = YES;
				LD_RUNPATH_SEARCH_PATHS = (
					"$(inherited)",
					"@executable_path/Frameworks",
					"@loader_path/Frameworks",
				);
				MARKETING_VERSION = 1.0;
				PRODUCT_BUNDLE_IDENTIFIER = com.chicmictest.apiCallingUITests;
				PRODUCT_NAME = "$(TARGET_NAME)";
				SWIFT_EMIT_LOC_STRINGS = NO;
				SWIFT_VERSION = 5.0;
				TARGETED_DEVICE_FAMILY = "1,2";
				TEST_TARGET_NAME = apiCalling;
			};
			name = Debug;
		};
		49AAF2E7280E8C9A0062EA1D /* Release */ = {
			isa = XCBuildConfiguration;
			buildSettings = {
				ALWAYS_EMBED_SWIFT_STANDARD_LIBRARIES = YES;
				CODE_SIGN_STYLE = Automatic;
				CURRENT_PROJECT_VERSION = 1;
				GENERATE_INFOPLIST_FILE = YES;
				LD_RUNPATH_SEARCH_PATHS = (
					"$(inherited)",
					"@executable_path/Frameworks",
					"@loader_path/Frameworks",
				);
				MARKETING_VERSION = 1.0;
				PRODUCT_BUNDLE_IDENTIFIER = com.chicmictest.apiCallingUITests;
				PRODUCT_NAME = "$(TARGET_NAME)";
				SWIFT_EMIT_LOC_STRINGS = NO;
				SWIFT_VERSION = 5.0;
				TARGETED_DEVICE_FAMILY = "1,2";
				TEST_TARGET_NAME = apiCalling;
			};
			name = Release;
		};
/* End XCBuildConfiguration section */

/* Begin XCConfigurationList section */
		49AAF2AD280E8C960062EA1D /* Build configuration list for PBXProject "apiCalling" */ = {
			isa = XCConfigurationList;
			buildConfigurations = (
				49AAF2DD280E8C9A0062EA1D /* Debug */,
				49AAF2DE280E8C9A0062EA1D /* Release */,
			);
			defaultConfigurationIsVisible = 0;
			defaultConfigurationName = Release;
		};
		49AAF2DF280E8C9A0062EA1D /* Build configuration list for PBXNativeTarget "apiCalling" */ = {
			isa = XCConfigurationList;
			buildConfigurations = (
				49AAF2E0280E8C9A0062EA1D /* Debug */,
				49AAF2E1280E8C9A0062EA1D /* Release */,
			);
			defaultConfigurationIsVisible = 0;
			defaultConfigurationName = Release;
		};
		49AAF2E2280E8C9A0062EA1D /* Build configuration list for PBXNativeTarget "apiCallingTests" */ = {
			isa = XCConfigurationList;
			buildConfigurations = (
				49AAF2E3280E8C9A0062EA1D /* Debug */,
				49AAF2E4280E8C9A0062EA1D /* Release */,
			);
			defaultConfigurationIsVisible = 0;
			defaultConfigurationName = Release;
		};
		49AAF2E5280E8C9A0062EA1D /* Build configuration list for PBXNativeTarget "apiCallingUITests" */ = {
			isa = XCConfigurationList;
			buildConfigurations = (
				49AAF2E6280E8C9A0062EA1D /* Debug */,
				49AAF2E7280E8C9A0062EA1D /* Release */,
			);
			defaultConfigurationIsVisible = 0;
			defaultConfigurationName = Release;
		};
/* End XCConfigurationList section */

/* Begin XCVersionGroup section */
		49AAF2BE280E8C960062EA1D /* apiCalling.xcdatamodeld */ = {
			isa = XCVersionGroup;
			children = (
				49AAF2BF280E8C960062EA1D /* apiCalling.xcdatamodel */,
			);
			currentVersion = 49AAF2BF280E8C960062EA1D /* apiCalling.xcdatamodel */;
			path = apiCalling.xcdatamodeld;
			sourceTree = "<group>";
			versionGroupType = wrapper.xcdatamodel;
		};
/* End XCVersionGroup section */
	};
	rootObject = 49AAF2AA280E8C960062EA1D /* Project object */;
}
